// !$*UTF8*$!
{
	archiveVersion = 1;
	classes = {
	};
	objectVersion = 56;
	objects = {

/* Begin PBXBuildFile section */
		855EBC3729FD2F2E00F49C9C /* SeparatorView.swift in Sources */ = {isa = PBXBuildFile; fileRef = 855EBC3629FD2F2E00F49C9C /* SeparatorView.swift */; };
		855EBC3929FD2F4A00F49C9C /* ChatView.swift in Sources */ = {isa = PBXBuildFile; fileRef = 855EBC3829FD2F4A00F49C9C /* ChatView.swift */; };
		855EBC3B29FD2F7400F49C9C /* MessageTableView.swift in Sources */ = {isa = PBXBuildFile; fileRef = 855EBC3A29FD2F7400F49C9C /* MessageTableView.swift */; };
		855EBC3D29FD2F9700F49C9C /* TextInputComponentView.swift in Sources */ = {isa = PBXBuildFile; fileRef = 855EBC3C29FD2F9700F49C9C /* TextInputComponentView.swift */; };
		855EBC3F29FD2FAE00F49C9C /* TextInputComponentViewModel.swift in Sources */ = {isa = PBXBuildFile; fileRef = 855EBC3E29FD2FAE00F49C9C /* TextInputComponentViewModel.swift */; };
		855EBC4129FD2FDC00F49C9C /* ImageNames.swift in Sources */ = {isa = PBXBuildFile; fileRef = 855EBC4029FD2FDC00F49C9C /* ImageNames.swift */; };
		855EBC4329FD2FF300F49C9C /* CommonConstatns.swift in Sources */ = {isa = PBXBuildFile; fileRef = 855EBC4229FD2FF300F49C9C /* CommonConstatns.swift */; };
		855EBC4629FD540600F49C9C /* SwitcherView.swift in Sources */ = {isa = PBXBuildFile; fileRef = 855EBC4529FD540600F49C9C /* SwitcherView.swift */; };
		855EBC4B29FD7FE000F49C9C /* SwitcherViewExtension.swift in Sources */ = {isa = PBXBuildFile; fileRef = 855EBC4A29FD7FE000F49C9C /* SwitcherViewExtension.swift */; };
		85936E1C29FBF8C5001AE1FE /* AppDelegate.swift in Sources */ = {isa = PBXBuildFile; fileRef = 85936E1B29FBF8C5001AE1FE /* AppDelegate.swift */; };
		85936E1E29FBF8C5001AE1FE /* SceneDelegate.swift in Sources */ = {isa = PBXBuildFile; fileRef = 85936E1D29FBF8C5001AE1FE /* SceneDelegate.swift */; };
		85936E2029FBF8C5001AE1FE /* ViewController.swift in Sources */ = {isa = PBXBuildFile; fileRef = 85936E1F29FBF8C5001AE1FE /* ViewController.swift */; };
		85936E2329FBF8C5001AE1FE /* Main.storyboard in Resources */ = {isa = PBXBuildFile; fileRef = 85936E2129FBF8C5001AE1FE /* Main.storyboard */; };
		85936E2629FBF8C5001AE1FE /* Chat_App.xcdatamodeld in Sources */ = {isa = PBXBuildFile; fileRef = 85936E2429FBF8C5001AE1FE /* Chat_App.xcdatamodeld */; };
		85936E2829FBF8C7001AE1FE /* Assets.xcassets in Resources */ = {isa = PBXBuildFile; fileRef = 85936E2729FBF8C7001AE1FE /* Assets.xcassets */; };
		85936E2B29FBF8C7001AE1FE /* LaunchScreen.storyboard in Resources */ = {isa = PBXBuildFile; fileRef = 85936E2929FBF8C7001AE1FE /* LaunchScreen.storyboard */; };
		85D1C58129FFFE0D00017CA7 /* UIColor + Extensions.swift in Sources */ = {isa = PBXBuildFile; fileRef = 85D1C58029FFFE0D00017CA7 /* UIColor + Extensions.swift */; };
/* End PBXBuildFile section */

/* Begin PBXFileReference section */
		855EBC3629FD2F2E00F49C9C /* SeparatorView.swift */ = {isa = PBXFileReference; lastKnownFileType = sourcecode.swift; path = SeparatorView.swift; sourceTree = "<group>"; };
		855EBC3829FD2F4A00F49C9C /* ChatView.swift */ = {isa = PBXFileReference; lastKnownFileType = sourcecode.swift; path = ChatView.swift; sourceTree = "<group>"; };
		855EBC3A29FD2F7400F49C9C /* MessageTableView.swift */ = {isa = PBXFileReference; lastKnownFileType = sourcecode.swift; path = MessageTableView.swift; sourceTree = "<group>"; };
		855EBC3C29FD2F9700F49C9C /* TextInputComponentView.swift */ = {isa = PBXFileReference; lastKnownFileType = sourcecode.swift; path = TextInputComponentView.swift; sourceTree = "<group>"; };
		855EBC3E29FD2FAE00F49C9C /* TextInputComponentViewModel.swift */ = {isa = PBXFileReference; lastKnownFileType = sourcecode.swift; path = TextInputComponentViewModel.swift; sourceTree = "<group>"; };
		855EBC4029FD2FDC00F49C9C /* ImageNames.swift */ = {isa = PBXFileReference; lastKnownFileType = sourcecode.swift; path = ImageNames.swift; sourceTree = "<group>"; };
		855EBC4229FD2FF300F49C9C /* CommonConstatns.swift */ = {isa = PBXFileReference; lastKnownFileType = sourcecode.swift; path = CommonConstatns.swift; sourceTree = "<group>"; };
		855EBC4529FD540600F49C9C /* SwitcherView.swift */ = {isa = PBXFileReference; lastKnownFileType = sourcecode.swift; path = SwitcherView.swift; sourceTree = "<group>"; };
		855EBC4A29FD7FE000F49C9C /* SwitcherViewExtension.swift */ = {isa = PBXFileReference; lastKnownFileType = sourcecode.swift; path = SwitcherViewExtension.swift; sourceTree = "<group>"; };
		85936E1829FBF8C5001AE1FE /* Chat App.app */ = {isa = PBXFileReference; explicitFileType = wrapper.application; includeInIndex = 0; path = "Chat App.app"; sourceTree = BUILT_PRODUCTS_DIR; };
		85936E1B29FBF8C5001AE1FE /* AppDelegate.swift */ = {isa = PBXFileReference; lastKnownFileType = sourcecode.swift; path = AppDelegate.swift; sourceTree = "<group>"; };
		85936E1D29FBF8C5001AE1FE /* SceneDelegate.swift */ = {isa = PBXFileReference; lastKnownFileType = sourcecode.swift; path = SceneDelegate.swift; sourceTree = "<group>"; };
		85936E1F29FBF8C5001AE1FE /* ViewController.swift */ = {isa = PBXFileReference; lastKnownFileType = sourcecode.swift; path = ViewController.swift; sourceTree = "<group>"; };
		85936E2229FBF8C5001AE1FE /* Base */ = {isa = PBXFileReference; lastKnownFileType = file.storyboard; name = Base; path = Base.lproj/Main.storyboard; sourceTree = "<group>"; };
		85936E2529FBF8C5001AE1FE /* Chat_App.xcdatamodel */ = {isa = PBXFileReference; lastKnownFileType = wrapper.xcdatamodel; path = Chat_App.xcdatamodel; sourceTree = "<group>"; };
		85936E2729FBF8C7001AE1FE /* Assets.xcassets */ = {isa = PBXFileReference; lastKnownFileType = folder.assetcatalog; path = Assets.xcassets; sourceTree = "<group>"; };
		85936E2A29FBF8C7001AE1FE /* Base */ = {isa = PBXFileReference; lastKnownFileType = file.storyboard; name = Base; path = Base.lproj/LaunchScreen.storyboard; sourceTree = "<group>"; };
		85936E2C29FBF8C7001AE1FE /* Info.plist */ = {isa = PBXFileReference; lastKnownFileType = text.plist.xml; path = Info.plist; sourceTree = "<group>"; };
		85D1C58029FFFE0D00017CA7 /* UIColor + Extensions.swift */ = {isa = PBXFileReference; lastKnownFileType = sourcecode.swift; path = "UIColor + Extensions.swift"; sourceTree = "<group>"; };
/* End PBXFileReference section */

/* Begin PBXFrameworksBuildPhase section */
		85936E1529FBF8C5001AE1FE /* Frameworks */ = {
			isa = PBXFrameworksBuildPhase;
			buildActionMask = 2147483647;
			files = (
			);
			runOnlyForDeploymentPostprocessing = 0;
		};
/* End PBXFrameworksBuildPhase section */

/* Begin PBXGroup section */
		855EBC3129FD2DC500F49C9C /* SeparatorViewComponent */ = {
			isa = PBXGroup;
			children = (
				855EBC3629FD2F2E00F49C9C /* SeparatorView.swift */,
			);
			path = SeparatorViewComponent;
			sourceTree = "<group>";
		};
		855EBC3229FD2DE600F49C9C /* ChatComponent */ = {
			isa = PBXGroup;
			children = (
				855EBC3829FD2F4A00F49C9C /* ChatView.swift */,
			);
			path = ChatComponent;
			sourceTree = "<group>";
		};
		855EBC3329FD2E0200F49C9C /* ChatTableView */ = {
			isa = PBXGroup;
			children = (
				855EBC3A29FD2F7400F49C9C /* MessageTableView.swift */,
			);
			path = ChatTableView;
			sourceTree = "<group>";
		};
		855EBC3429FD2E1800F49C9C /* TextInputComponent */ = {
			isa = PBXGroup;
			children = (
				855EBC3C29FD2F9700F49C9C /* TextInputComponentView.swift */,
				855EBC3E29FD2FAE00F49C9C /* TextInputComponentViewModel.swift */,
			);
			path = TextInputComponent;
			sourceTree = "<group>";
		};
		855EBC3529FD2E6F00F49C9C /* Constants */ = {
			isa = PBXGroup;
			children = (
				855EBC4029FD2FDC00F49C9C /* ImageNames.swift */,
				855EBC4229FD2FF300F49C9C /* CommonConstatns.swift */,
			);
			path = Constants;
			sourceTree = "<group>";
		};
		855EBC4429FD53AE00F49C9C /* Switcher */ = {
			isa = PBXGroup;
			children = (
				855EBC4529FD540600F49C9C /* SwitcherView.swift */,
			);
			path = Switcher;
			sourceTree = "<group>";
		};
		855EBC4929FD7FB800F49C9C /* Extensions */ = {
			isa = PBXGroup;
			children = (
				85D1C58029FFFE0D00017CA7 /* UIColor + Extensions.swift */,
				855EBC4A29FD7FE000F49C9C /* SwitcherViewExtension.swift */,
			);
			path = Extensions;
			sourceTree = "<group>";
		};
		85936E0F29FBF8C5001AE1FE = {
			isa = PBXGroup;
			children = (
				85936E1A29FBF8C5001AE1FE /* Chat App */,
				85936E1929FBF8C5001AE1FE /* Products */,
			);
			sourceTree = "<group>";
		};
		85936E1929FBF8C5001AE1FE /* Products */ = {
			isa = PBXGroup;
			children = (
				85936E1829FBF8C5001AE1FE /* Chat App.app */,
			);
			name = Products;
			sourceTree = "<group>";
		};
		85936E1A29FBF8C5001AE1FE /* Chat App */ = {
			isa = PBXGroup;
			children = (
				855EBC3529FD2E6F00F49C9C /* Constants */,
				855EBC3429FD2E1800F49C9C /* TextInputComponent */,
				855EBC3329FD2E0200F49C9C /* ChatTableView */,
				855EBC3129FD2DC500F49C9C /* SeparatorViewComponent */,
				855EBC3229FD2DE600F49C9C /* ChatComponent */,
				855EBC4429FD53AE00F49C9C /* Switcher */,
				855EBC4929FD7FB800F49C9C /* Extensions */,
				85936E1B29FBF8C5001AE1FE /* AppDelegate.swift */,
				85936E1D29FBF8C5001AE1FE /* SceneDelegate.swift */,
				85936E1F29FBF8C5001AE1FE /* ViewController.swift */,
				85936E2129FBF8C5001AE1FE /* Main.storyboard */,
				85936E2729FBF8C7001AE1FE /* Assets.xcassets */,
				85936E2929FBF8C7001AE1FE /* LaunchScreen.storyboard */,
				85936E2C29FBF8C7001AE1FE /* Info.plist */,
				85936E2429FBF8C5001AE1FE /* Chat_App.xcdatamodeld */,
			);
			path = "Chat App";
			sourceTree = "<group>";
		};
/* End PBXGroup section */

/* Begin PBXNativeTarget section */
		85936E1729FBF8C5001AE1FE /* Chat App */ = {
			isa = PBXNativeTarget;
			buildConfigurationList = 85936E2F29FBF8C7001AE1FE /* Build configuration list for PBXNativeTarget "Chat App" */;
			buildPhases = (
				85936E1429FBF8C5001AE1FE /* Sources */,
				85936E1529FBF8C5001AE1FE /* Frameworks */,
				85936E1629FBF8C5001AE1FE /* Resources */,
			);
			buildRules = (
			);
			dependencies = (
			);
			name = "Chat App";
			productName = "Chat App";
			productReference = 85936E1829FBF8C5001AE1FE /* Chat App.app */;
			productType = "com.apple.product-type.application";
		};
/* End PBXNativeTarget section */

/* Begin PBXProject section */
		85936E1029FBF8C5001AE1FE /* Project object */ = {
			isa = PBXProject;
			attributes = {
				BuildIndependentTargetsInParallel = 1;
				LastSwiftUpdateCheck = 1430;
				LastUpgradeCheck = 1430;
				TargetAttributes = {
					85936E1729FBF8C5001AE1FE = {
						CreatedOnToolsVersion = 14.3;
					};
				};
			};
			buildConfigurationList = 85936E1329FBF8C5001AE1FE /* Build configuration list for PBXProject "Chat App" */;
			compatibilityVersion = "Xcode 14.0";
			developmentRegion = en;
			hasScannedForEncodings = 0;
			knownRegions = (
				en,
				Base,
			);
			mainGroup = 85936E0F29FBF8C5001AE1FE;
			productRefGroup = 85936E1929FBF8C5001AE1FE /* Products */;
			projectDirPath = "";
			projectRoot = "";
			targets = (
				85936E1729FBF8C5001AE1FE /* Chat App */,
			);
		};
/* End PBXProject section */

/* Begin PBXResourcesBuildPhase section */
		85936E1629FBF8C5001AE1FE /* Resources */ = {
			isa = PBXResourcesBuildPhase;
			buildActionMask = 2147483647;
			files = (
				85936E2B29FBF8C7001AE1FE /* LaunchScreen.storyboard in Resources */,
				85936E2829FBF8C7001AE1FE /* Assets.xcassets in Resources */,
				85936E2329FBF8C5001AE1FE /* Main.storyboard in Resources */,
			);
			runOnlyForDeploymentPostprocessing = 0;
		};
/* End PBXResourcesBuildPhase section */

/* Begin PBXSourcesBuildPhase section */
		85936E1429FBF8C5001AE1FE /* Sources */ = {
			isa = PBXSourcesBuildPhase;
			buildActionMask = 2147483647;
			files = (
				85936E2029FBF8C5001AE1FE /* ViewController.swift in Sources */,
				855EBC4629FD540600F49C9C /* SwitcherView.swift in Sources */,
				855EBC4329FD2FF300F49C9C /* CommonConstatns.swift in Sources */,
				85936E2629FBF8C5001AE1FE /* Chat_App.xcdatamodeld in Sources */,
				855EBC3D29FD2F9700F49C9C /* TextInputComponentView.swift in Sources */,
				855EBC3F29FD2FAE00F49C9C /* TextInputComponentViewModel.swift in Sources */,
				855EBC4129FD2FDC00F49C9C /* ImageNames.swift in Sources */,
				85D1C58129FFFE0D00017CA7 /* UIColor + Extensions.swift in Sources */,
				855EBC3729FD2F2E00F49C9C /* SeparatorView.swift in Sources */,
				85936E1C29FBF8C5001AE1FE /* AppDelegate.swift in Sources */,
				855EBC3929FD2F4A00F49C9C /* ChatView.swift in Sources */,
				85936E1E29FBF8C5001AE1FE /* SceneDelegate.swift in Sources */,
				855EBC4B29FD7FE000F49C9C /* SwitcherViewExtension.swift in Sources */,
				855EBC3B29FD2F7400F49C9C /* MessageTableView.swift in Sources */,
			);
			runOnlyForDeploymentPostprocessing = 0;
		};
/* End PBXSourcesBuildPhase section */

/* Begin PBXVariantGroup section */
		85936E2129FBF8C5001AE1FE /* Main.storyboard */ = {
			isa = PBXVariantGroup;
			children = (
				85936E2229FBF8C5001AE1FE /* Base */,
			);
			name = Main.storyboard;
			sourceTree = "<group>";
		};
		85936E2929FBF8C7001AE1FE /* LaunchScreen.storyboard */ = {
			isa = PBXVariantGroup;
			children = (
				85936E2A29FBF8C7001AE1FE /* Base */,
			);
			name = LaunchScreen.storyboard;
			sourceTree = "<group>";
		};
/* End PBXVariantGroup section */

/* Begin XCBuildConfiguration section */
		85936E2D29FBF8C7001AE1FE /* Debug */ = {
			isa = XCBuildConfiguration;
			buildSettings = {
				ALWAYS_SEARCH_USER_PATHS = NO;
				CLANG_ANALYZER_NONNULL = YES;
				CLANG_ANALYZER_NUMBER_OBJECT_CONVERSION = YES_AGGRESSIVE;
				CLANG_CXX_LANGUAGE_STANDARD = "gnu++20";
				CLANG_ENABLE_MODULES = YES;
				CLANG_ENABLE_OBJC_ARC = YES;
				CLANG_ENABLE_OBJC_WEAK = YES;
				CLANG_WARN_BLOCK_CAPTURE_AUTORELEASING = YES;
				CLANG_WARN_BOOL_CONVERSION = YES;
				CLANG_WARN_COMMA = YES;
				CLANG_WARN_CONSTANT_CONVERSION = YES;
				CLANG_WARN_DEPRECATED_OBJC_IMPLEMENTATIONS = YES;
				CLANG_WARN_DIRECT_OBJC_ISA_USAGE = YES_ERROR;
				CLANG_WARN_DOCUMENTATION_COMMENTS = YES;
				CLANG_WARN_EMPTY_BODY = YES;
				CLANG_WARN_ENUM_CONVERSION = YES;
				CLANG_WARN_INFINITE_RECURSION = YES;
				CLANG_WARN_INT_CONVERSION = YES;
				CLANG_WARN_NON_LITERAL_NULL_CONVERSION = YES;
				CLANG_WARN_OBJC_IMPLICIT_RETAIN_SELF = YES;
				CLANG_WARN_OBJC_LITERAL_CONVERSION = YES;
				CLANG_WARN_OBJC_ROOT_CLASS = YES_ERROR;
				CLANG_WARN_QUOTED_INCLUDE_IN_FRAMEWORK_HEADER = YES;
				CLANG_WARN_RANGE_LOOP_ANALYSIS = YES;
				CLANG_WARN_STRICT_PROTOTYPES = YES;
				CLANG_WARN_SUSPICIOUS_MOVE = YES;
				CLANG_WARN_UNGUARDED_AVAILABILITY = YES_AGGRESSIVE;
				CLANG_WARN_UNREACHABLE_CODE = YES;
				CLANG_WARN__DUPLICATE_METHOD_MATCH = YES;
				COPY_PHASE_STRIP = NO;
				DEBUG_INFORMATION_FORMAT = dwarf;
				ENABLE_STRICT_OBJC_MSGSEND = YES;
				ENABLE_TESTABILITY = YES;
				GCC_C_LANGUAGE_STANDARD = gnu11;
				GCC_DYNAMIC_NO_PIC = NO;
				GCC_NO_COMMON_BLOCKS = YES;
				GCC_OPTIMIZATION_LEVEL = 0;
				GCC_PREPROCESSOR_DEFINITIONS = (
					"DEBUG=1",
					"$(inherited)",
				);
				GCC_WARN_64_TO_32_BIT_CONVERSION = YES;
				GCC_WARN_ABOUT_RETURN_TYPE = YES_ERROR;
				GCC_WARN_UNDECLARED_SELECTOR = YES;
				GCC_WARN_UNINITIALIZED_AUTOS = YES_AGGRESSIVE;
				GCC_WARN_UNUSED_FUNCTION = YES;
				GCC_WARN_UNUSED_VARIABLE = YES;
				IPHONEOS_DEPLOYMENT_TARGET = 16.4;
				MTL_ENABLE_DEBUG_INFO = INCLUDE_SOURCE;
				MTL_FAST_MATH = YES;
				ONLY_ACTIVE_ARCH = YES;
				SDKROOT = iphoneos;
				SWIFT_ACTIVE_COMPILATION_CONDITIONS = DEBUG;
				SWIFT_OPTIMIZATION_LEVEL = "-Onone";
			};
			name = Debug;
		};
		85936E2E29FBF8C7001AE1FE /* Release */ = {
			isa = XCBuildConfiguration;
			buildSettings = {
				ALWAYS_SEARCH_USER_PATHS = NO;
				CLANG_ANALYZER_NONNULL = YES;
				CLANG_ANALYZER_NUMBER_OBJECT_CONVERSION = YES_AGGRESSIVE;
				CLANG_CXX_LANGUAGE_STANDARD = "gnu++20";
				CLANG_ENABLE_MODULES = YES;
				CLANG_ENABLE_OBJC_ARC = YES;
				CLANG_ENABLE_OBJC_WEAK = YES;
				CLANG_WARN_BLOCK_CAPTURE_AUTORELEASING = YES;
				CLANG_WARN_BOOL_CONVERSION = YES;
				CLANG_WARN_COMMA = YES;
				CLANG_WARN_CONSTANT_CONVERSION = YES;
				CLANG_WARN_DEPRECATED_OBJC_IMPLEMENTATIONS = YES;
				CLANG_WARN_DIRECT_OBJC_ISA_USAGE = YES_ERROR;
				CLANG_WARN_DOCUMENTATION_COMMENTS = YES;
				CLANG_WARN_EMPTY_BODY = YES;
				CLANG_WARN_ENUM_CONVERSION = YES;
				CLANG_WARN_INFINITE_RECURSION = YES;
				CLANG_WARN_INT_CONVERSION = YES;
				CLANG_WARN_NON_LITERAL_NULL_CONVERSION = YES;
				CLANG_WARN_OBJC_IMPLICIT_RETAIN_SELF = YES;
				CLANG_WARN_OBJC_LITERAL_CONVERSION = YES;
				CLANG_WARN_OBJC_ROOT_CLASS = YES_ERROR;
				CLANG_WARN_QUOTED_INCLUDE_IN_FRAMEWORK_HEADER = YES;
				CLANG_WARN_RANGE_LOOP_ANALYSIS = YES;
				CLANG_WARN_STRICT_PROTOTYPES = YES;
				CLANG_WARN_SUSPICIOUS_MOVE = YES;
				CLANG_WARN_UNGUARDED_AVAILABILITY = YES_AGGRESSIVE;
				CLANG_WARN_UNREACHABLE_CODE = YES;
				CLANG_WARN__DUPLICATE_METHOD_MATCH = YES;
				COPY_PHASE_STRIP = NO;
				DEBUG_INFORMATION_FORMAT = "dwarf-with-dsym";
				ENABLE_NS_ASSERTIONS = NO;
				ENABLE_STRICT_OBJC_MSGSEND = YES;
				GCC_C_LANGUAGE_STANDARD = gnu11;
				GCC_NO_COMMON_BLOCKS = YES;
				GCC_WARN_64_TO_32_BIT_CONVERSION = YES;
				GCC_WARN_ABOUT_RETURN_TYPE = YES_ERROR;
				GCC_WARN_UNDECLARED_SELECTOR = YES;
				GCC_WARN_UNINITIALIZED_AUTOS = YES_AGGRESSIVE;
				GCC_WARN_UNUSED_FUNCTION = YES;
				GCC_WARN_UNUSED_VARIABLE = YES;
				IPHONEOS_DEPLOYMENT_TARGET = 16.4;
				MTL_ENABLE_DEBUG_INFO = NO;
				MTL_FAST_MATH = YES;
				SDKROOT = iphoneos;
				SWIFT_COMPILATION_MODE = wholemodule;
				SWIFT_OPTIMIZATION_LEVEL = "-O";
				VALIDATE_PRODUCT = YES;
			};
			name = Release;
		};
		85936E3029FBF8C7001AE1FE /* Debug */ = {
			isa = XCBuildConfiguration;
			buildSettings = {
				ASSETCATALOG_COMPILER_APPICON_NAME = AppIcon;
				ASSETCATALOG_COMPILER_GLOBAL_ACCENT_COLOR_NAME = AccentColor;
				CODE_SIGN_STYLE = Automatic;
				CURRENT_PROJECT_VERSION = 1;
				DEVELOPMENT_TEAM = L8AFV99X79;
				GENERATE_INFOPLIST_FILE = YES;
				INFOPLIST_FILE = "Chat App/Info.plist";
				INFOPLIST_KEY_UIApplicationSupportsIndirectInputEvents = YES;
				INFOPLIST_KEY_UILaunchStoryboardName = LaunchScreen;
				INFOPLIST_KEY_UIMainStoryboardFile = Main;
				INFOPLIST_KEY_UISupportedInterfaceOrientations_iPad = "UIInterfaceOrientationPortrait UIInterfaceOrientationPortraitUpsideDown UIInterfaceOrientationLandscapeLeft UIInterfaceOrientationLandscapeRight";
				INFOPLIST_KEY_UISupportedInterfaceOrientations_iPhone = "UIInterfaceOrientationPortrait UIInterfaceOrientationLandscapeLeft UIInterfaceOrientationLandscapeRight";
				LD_RUNPATH_SEARCH_PATHS = (
					"$(inherited)",
					"@executable_path/Frameworks",
				);
				MARKETING_VERSION = 1.0;
				PRODUCT_BUNDLE_IDENTIFIER = "com.myproject.Chat-App";
				PRODUCT_NAME = "$(TARGET_NAME)";
				SWIFT_EMIT_LOC_STRINGS = YES;
				SWIFT_VERSION = 5.0;
				TARGETED_DEVICE_FAMILY = "1,2";
			};
			name = Debug;
		};
		85936E3129FBF8C7001AE1FE /* Release */ = {
			isa = XCBuildConfiguration;
			buildSettings = {
				ASSETCATALOG_COMPILER_APPICON_NAME = AppIcon;
				ASSETCATALOG_COMPILER_GLOBAL_ACCENT_COLOR_NAME = AccentColor;
				CODE_SIGN_STYLE = Automatic;
				CURRENT_PROJECT_VERSION = 1;
				DEVELOPMENT_TEAM = L8AFV99X79;
				GENERATE_INFOPLIST_FILE = YES;
				INFOPLIST_FILE = "Chat App/Info.plist";
				INFOPLIST_KEY_UIApplicationSupportsIndirectInputEvents = YES;
				INFOPLIST_KEY_UILaunchStoryboardName = LaunchScreen;
				INFOPLIST_KEY_UIMainStoryboardFile = Main;
				INFOPLIST_KEY_UISupportedInterfaceOrientations_iPad = "UIInterfaceOrientationPortrait UIInterfaceOrientationPortraitUpsideDown UIInterfaceOrientationLandscapeLeft UIInterfaceOrientationLandscapeRight";
				INFOPLIST_KEY_UISupportedInterfaceOrientations_iPhone = "UIInterfaceOrientationPortrait UIInterfaceOrientationLandscapeLeft UIInterfaceOrientationLandscapeRight";
				LD_RUNPATH_SEARCH_PATHS = (
					"$(inherited)",
					"@executable_path/Frameworks",
				);
				MARKETING_VERSION = 1.0;
				PRODUCT_BUNDLE_IDENTIFIER = "com.myproject.Chat-App";
				PRODUCT_NAME = "$(TARGET_NAME)";
				SWIFT_EMIT_LOC_STRINGS = YES;
				SWIFT_VERSION = 5.0;
				TARGETED_DEVICE_FAMILY = "1,2";
			};
			name = Release;
		};
/* End XCBuildConfiguration section */

/* Begin XCConfigurationList section */
		85936E1329FBF8C5001AE1FE /* Build configuration list for PBXProject "Chat App" */ = {
			isa = XCConfigurationList;
			buildConfigurations = (
				85936E2D29FBF8C7001AE1FE /* Debug */,
				85936E2E29FBF8C7001AE1FE /* Release */,
			);
			defaultConfigurationIsVisible = 0;
			defaultConfigurationName = Release;
		};
		85936E2F29FBF8C7001AE1FE /* Build configuration list for PBXNativeTarget "Chat App" */ = {
			isa = XCConfigurationList;
			buildConfigurations = (
				85936E3029FBF8C7001AE1FE /* Debug */,
				85936E3129FBF8C7001AE1FE /* Release */,
			);
			defaultConfigurationIsVisible = 0;
			defaultConfigurationName = Release;
		};
/* End XCConfigurationList section */

/* Begin XCVersionGroup section */
		85936E2429FBF8C5001AE1FE /* Chat_App.xcdatamodeld */ = {
			isa = XCVersionGroup;
			children = (
				85936E2529FBF8C5001AE1FE /* Chat_App.xcdatamodel */,
			);
			currentVersion = 85936E2529FBF8C5001AE1FE /* Chat_App.xcdatamodel */;
			path = Chat_App.xcdatamodeld;
			sourceTree = "<group>";
			versionGroupType = wrapper.xcdatamodel;
		};
/* End XCVersionGroup section */
	};
	rootObject = 85936E1029FBF8C5001AE1FE /* Project object */;
}
